
Microsoft Visual Studio Solution File, Format Version 12.00
# Visual Studio 15
VisualStudioVersion = 15.0.28010.2036
MinimumVisualStudioVersion = 10.0.40219.1
Project("{FAE04EC0-301F-11D3-BF4B-00C04F79EFBC}") = "FinishIt", "FinishIt\FinishIt.csproj", "{A5BD38CC-512C-483D-8310-318974BA9E85}"
EndProject
Global
	GlobalSection(SolutionConfigurationPlatforms) = preSolution
		Debug|Any CPU = Debug|Any CPU
		Release|Any CPU = Release|Any CPU
	EndGlobalSection
	GlobalSection(ProjectConfigurationPlatforms) = postSolution
		{A5BD38CC-512C-483D-8310-318974BA9E85}.Debug|Any CPU.ActiveCfg = Debug|Any CPU
		{A5BD38CC-512C-483D-8310-318974BA9E85}.Debug|Any CPU.Build.0 = Debug|Any CPU
		{A5BD38CC-512C-483D-8310-318974BA9E85}.Release|Any CPU.ActiveCfg = Release|Any CPU
		{A5BD38CC-512C-483D-8310-318974BA9E85}.Release|Any CPU.Build.0 = Release|Any CPU
	EndGlobalSection
	GlobalSection(SolutionProperties) = preSolution
		HideSolutionNode = FALSE
	EndGlobalSection
	GlobalSection(ExtensibilityGlobals) = postSolution
		SolutionGuid = {BB78B1AE-D6B4-4D23-B906-B42918ECEBA6}
	EndGlobalSection
EndGlobal
